github.com/kim89098/slice v0.6.0 h1:VCqAkUrQnP7GPiwpm0aTXxxW6TSnB+khU0N6dyduFw0=
github.com/kim89098/slice v0.6.0/go.mod h1:P2GBEaQkYmlkc+9ckuEssyNmvxZI5/KLOuEvdFR52lQ=
golang.org/x/exp v0.0.0-20230307190834-24139beb5833 h1:SChBja7BCQewoTAU7IgvucQKMIXrEpFxNMs0spT3/5s=
golang.org/x/exp v0.0.0-20230307190834-24139beb5833/go.mod h1:CxIveKay+FTh1D0yPZemJVgC/95VzuuOLq5Qi4xnoYc=
