{
  "version": 4,
  "terraform_version": "1.12.2",
  "serial": 29,
  "lineage": "6feb2f15-9dd7-5975-6ca9-c2729af99edb",
  "outputs": {},
  "resources": [
    {
      "mode": "managed",
      "type": "github_branch",
      "name": "development",
      "provider": "provider[\"registry.terraform.io/integrations/github\"]",
      "instances": [
        {
          "schema_version": 0,
          "attributes": {
            "branch": "main",
            "etag": "W/\"7506c4b10809dd3047a7abfb7641509a93f3332596112aef06d72736f2f7d496\"",
            "id": "development-repo:main",
            "ref": "refs/heads/main",
            "repository": "development-repo",
            "sha": "7953aaece30a02988c60eb66a09f49387b340c30",
            "source_branch": "main",
            "source_sha": "32f6f4dba545de61633d18e06bcac10921a3f7e9"
          },
          "sensitive_attributes": [],
          "identity_schema_version": 0,
          "private": "bnVsbA==",
          "dependencies": [
            "github_repository.development"
          ]
        }
      ]
    },
    {
      "mode": "managed",
      "type": "github_repository",
      "name": "development",
      "provider": "provider[\"registry.terraform.io/integrations/github\"]",
      "instances": [
        {
          "schema_version": 1,
          "attributes": {
            "allow_auto_merge": false,
            "allow_merge_commit": true,
            "allow_rebase_merge": true,
            "allow_squash_merge": true,
            "allow_update_branch": false,
            "archive_on_destroy": null,
            "archived": false,
            "auto_init": true,
            "default_branch": "main",
            "delete_branch_on_merge": false,
            "description": "Primary Dev Repo for new apps",
            "etag": "W/\"0dae82bbf9f17e9bbd1e8cee8566e1be20716f799a43c564f9bd8768079e28ab\"",
            "full_name": "foxcodenine/development-repo",
            "git_clone_url": "git://github.com/foxcodenine/development-repo.git",
            "gitignore_template": null,
            "has_discussions": false,
            "has_downloads": false,
            "has_issues": true,
            "has_projects": false,
            "has_wiki": true,
            "homepage_url": "",
            "html_url": "https://github.com/foxcodenine/development-repo",
            "http_clone_url": "https://github.com/foxcodenine/development-repo.git",
            "id": "development-repo",
            "ignore_vulnerability_alerts_during_read": null,
            "is_template": false,
            "license_template": null,
            "merge_commit_message": "PR_TITLE",
            "merge_commit_title": "MERGE_MESSAGE",
            "name": "development-repo",
            "node_id": "R_kgDOTRnkag",
            "pages": [],
            "primary_language": "",
            "private": false,
            "repo_id": 1293542506,
            "security_and_analysis": [
              {
                "advanced_security": [],
                "secret_scanning": [
                  {
                    "status": "enabled"
                  }
                ],
                "secret_scanning_push_protection": [
                  {
                    "status": "enabled"
                  }
                ]
              }
            ],
            "squash_merge_commit_message": "COMMIT_MESSAGES",
            "squash_merge_commit_title": "COMMIT_OR_PR_TITLE",
            "ssh_clone_url": "git@github.com:foxcodenine/development-repo.git",
            "svn_url": "https://github.com/foxcodenine/development-repo",
            "template": [],
            "topics": [
              "infrastructure-as-code",
              "terraform"
            ],
            "visibility": "public",
            "vulnerability_alerts": false,
            "web_commit_signoff_required": false
          },
          "sensitive_attributes": [],
          "identity_schema_version": 0,
          "private": "eyJzY2hlbWFfdmVyc2lvbiI6IjEifQ=="
        }
      ]
    }
  ],
  "check_results": null
}
